
Microsoft Visual Studio Solution File, Format Version 12.00
# Visual Studio Version 16
VisualStudioVersion = 16.0.30611.23
MinimumVisualStudioVersion = 10.0.40219.1
Project("{FAE04EC0-301F-11D3-BF4B-00C04F79EFBC}") = "ConsoleAppOOP", "ConsoleAppOOP\ConsoleAppOOP.csproj", "{C6313C0E-76B5-4C8D-9771-C7E6B2ACA3A8}"
EndProject
Global
	GlobalSection(SolutionConfigurationPlatforms) = preSolution
		Debug|Any CPU = Debug|Any CPU
		Release|Any CPU = Release|Any CPU
	EndGlobalSection
	GlobalSection(ProjectConfigurationPlatforms) = postSolution
		{C6313C0E-76B5-4C8D-9771-C7E6B2ACA3A8}.Debug|Any CPU.ActiveCfg = Debug|Any CPU
		{C6313C0E-76B5-4C8D-9771-C7E6B2ACA3A8}.Debug|Any CPU.Build.0 = Debug|Any CPU
		{C6313C0E-76B5-4C8D-9771-C7E6B2ACA3A8}.Release|Any CPU.ActiveCfg = Release|Any CPU
		{C6313C0E-76B5-4C8D-9771-C7E6B2ACA3A8}.Release|Any CPU.Build.0 = Release|Any CPU
	EndGlobalSection
	GlobalSection(SolutionProperties) = preSolution
		HideSolutionNode = FALSE
	EndGlobalSection
	GlobalSection(ExtensibilityGlobals) = postSolution
		SolutionGuid = {10F0FA58-B7B1-4130-B8B7-DC030B5D9AAC}
	EndGlobalSection
EndGlobal
